
Microsoft Visual Studio Solution File, Format Version 12.00
# Visual Studio Version 17
VisualStudioVersion = 17.14.36717.8
MinimumVisualStudioVersion = 10.0.40219.1
Project("{F2A71F9B-5D33-465A-A702-920D77279786}") = "Loana", "Loana\Loana.fsproj", "{8A3CBDCD-40AD-4365-92EB-C0BF98417857}"
EndProject
Project("{F2A71F9B-5D33-465A-A702-920D77279786}") = "AnkiConnect", "AnkiConnect\AnkiConnect.fsproj", "{230ABE94-8135-428E-9D75-BF64E9D9D0CE}"
EndProject
Project("{F2A71F9B-5D33-465A-A702-920D77279786}") = "AnkiConnect.Tests", "AnkiConnect.Tests\AnkiConnect.Tests.fsproj", "{CE7DE435-0A9B-4E9A-89CD-3AFBB155F828}"
	ProjectSection(ProjectDependencies) = postProject
		{230ABE94-8135-428E-9D75-BF64E9D9D0CE} = {230ABE94-8135-428E-9D75-BF64E9D9D0CE}
	EndProjectSection
EndProject
Project("{FAE04EC0-301F-11D3-BF4B-00C04F79EFBC}") = "Loana.GUI", "Loana.GUI\Loana.GUI.csproj", "{1587722D-B574-6A38-FA8B-B581AAA40431}"
EndProject
Global
	GlobalSection(SolutionConfigurationPlatforms) = preSolution
		Debug|Any CPU = Debug|Any CPU
		Release|Any CPU = Release|Any CPU
	EndGlobalSection
	GlobalSection(ProjectConfigurationPlatforms) = postSolution
		{8A3CBDCD-40AD-4365-92EB-C0BF98417857}.Debug|Any CPU.ActiveCfg = Debug|Any CPU
		{8A3CBDCD-40AD-4365-92EB-C0BF98417857}.Debug|Any CPU.Build.0 = Debug|Any CPU
		{8A3CBDCD-40AD-4365-92EB-C0BF98417857}.Release|Any CPU.ActiveCfg = Release|Any CPU
		{8A3CBDCD-40AD-4365-92EB-C0BF98417857}.Release|Any CPU.Build.0 = Release|Any CPU
		{230ABE94-8135-428E-9D75-BF64E9D9D0CE}.Debug|Any CPU.ActiveCfg = Debug|Any CPU
		{230ABE94-8135-428E-9D75-BF64E9D9D0CE}.Debug|Any CPU.Build.0 = Debug|Any CPU
		{230ABE94-8135-428E-9D75-BF64E9D9D0CE}.Release|Any CPU.ActiveCfg = Release|Any CPU
		{230ABE94-8135-428E-9D75-BF64E9D9D0CE}.Release|Any CPU.Build.0 = Release|Any CPU
		{CE7DE435-0A9B-4E9A-89CD-3AFBB155F828}.Debug|Any CPU.ActiveCfg = Debug|Any CPU
		{CE7DE435-0A9B-4E9A-89CD-3AFBB155F828}.Debug|Any CPU.Build.0 = Debug|Any CPU
		{CE7DE435-0A9B-4E9A-89CD-3AFBB155F828}.Release|Any CPU.ActiveCfg = Release|Any CPU
		{CE7DE435-0A9B-4E9A-89CD-3AFBB155F828}.Release|Any CPU.Build.0 = Release|Any CPU
		{1587722D-B574-6A38-FA8B-B581AAA40431}.Debug|Any CPU.ActiveCfg = Debug|Any CPU
		{1587722D-B574-6A38-FA8B-B581AAA40431}.Debug|Any CPU.Build.0 = Debug|Any CPU
		{1587722D-B574-6A38-FA8B-B581AAA40431}.Release|Any CPU.ActiveCfg = Release|Any CPU
		{1587722D-B574-6A38-FA8B-B581AAA40431}.Release|Any CPU.Build.0 = Release|Any CPU
	EndGlobalSection
	GlobalSection(SolutionProperties) = preSolution
		HideSolutionNode = FALSE
	EndGlobalSection
	GlobalSection(ExtensibilityGlobals) = postSolution
		SolutionGuid = {05D4D35C-B396-4C95-BCBD-E8DC5B8AC6B2}
	EndGlobalSection
EndGlobal
